
Microsoft Visual Studio Solution File, Format Version 12.00
# Visual Studio Version 17
VisualStudioVersion = 17.0.32112.339
MinimumVisualStudioVersion = 10.0.40219.1
Project("{FAE04EC0-301F-11D3-BF4B-00C04F79EFBC}") = "IMOBILIARIA", "LISTAEXERCICIOS01\IMOBILIARIA.csproj", "{DC7923E8-DD8B-4198-92A2-0BF0FF225CA5}"
EndProject
Project("{FAE04EC0-301F-11D3-BF4B-00C04F79EFBC}") = "SALARIO", "SALARIO\SALARIO.csproj", "{42268B91-13AB-4036-A0DE-65B9DCE8069E}"
EndProject
Project("{FAE04EC0-301F-11D3-BF4B-00C04F79EFBC}") = "GRAUS", "GRAUS\GRAUS.csproj", "{4CAB9948-7DBC-42C4-82E8-40F62468CC36}"
EndProject
Project("{FAE04EC0-301F-11D3-BF4B-00C04F79EFBC}") = "DIAS DE VIDA", "DIAS DE VIDA\DIAS DE VIDA.csproj", "{191C3544-9EB3-4A4D-B457-4FAC696F355C}"
EndProject
Project("{FAE04EC0-301F-11D3-BF4B-00C04F79EFBC}") = "PADARIA", "PADARIA\PADARIA.csproj", "{6EF912F7-1F42-4B04-A253-9392A4D26F6A}"
EndProject
Global
	GlobalSection(SolutionConfigurationPlatforms) = preSolution
		Debug|Any CPU = Debug|Any CPU
		Release|Any CPU = Release|Any CPU
	EndGlobalSection
	GlobalSection(ProjectConfigurationPlatforms) = postSolution
		{DC7923E8-DD8B-4198-92A2-0BF0FF225CA5}.Debug|Any CPU.ActiveCfg = Debug|Any CPU
		{DC7923E8-DD8B-4198-92A2-0BF0FF225CA5}.Debug|Any CPU.Build.0 = Debug|Any CPU
		{DC7923E8-DD8B-4198-92A2-0BF0FF225CA5}.Release|Any CPU.ActiveCfg = Release|Any CPU
		{DC7923E8-DD8B-4198-92A2-0BF0FF225CA5}.Release|Any CPU.Build.0 = Release|Any CPU
		{42268B91-13AB-4036-A0DE-65B9DCE8069E}.Debug|Any CPU.ActiveCfg = Debug|Any CPU
		{42268B91-13AB-4036-A0DE-65B9DCE8069E}.Debug|Any CPU.Build.0 = Debug|Any CPU
		{42268B91-13AB-4036-A0DE-65B9DCE8069E}.Release|Any CPU.ActiveCfg = Release|Any CPU
		{42268B91-13AB-4036-A0DE-65B9DCE8069E}.Release|Any CPU.Build.0 = Release|Any CPU
		{4CAB9948-7DBC-42C4-82E8-40F62468CC36}.Debug|Any CPU.ActiveCfg = Debug|Any CPU
		{4CAB9948-7DBC-42C4-82E8-40F62468CC36}.Debug|Any CPU.Build.0 = Debug|Any CPU
		{4CAB9948-7DBC-42C4-82E8-40F62468CC36}.Release|Any CPU.ActiveCfg = Release|Any CPU
		{4CAB9948-7DBC-42C4-82E8-40F62468CC36}.Release|Any CPU.Build.0 = Release|Any CPU
		{191C3544-9EB3-4A4D-B457-4FAC696F355C}.Debug|Any CPU.ActiveCfg = Debug|Any CPU
		{191C3544-9EB3-4A4D-B457-4FAC696F355C}.Debug|Any CPU.Build.0 = Debug|Any CPU
		{191C3544-9EB3-4A4D-B457-4FAC696F355C}.Release|Any CPU.ActiveCfg = Release|Any CPU
		{191C3544-9EB3-4A4D-B457-4FAC696F355C}.Release|Any CPU.Build.0 = Release|Any CPU
		{6EF912F7-1F42-4B04-A253-9392A4D26F6A}.Debug|Any CPU.ActiveCfg = Debug|Any CPU
		{6EF912F7-1F42-4B04-A253-9392A4D26F6A}.Debug|Any CPU.Build.0 = Debug|Any CPU
		{6EF912F7-1F42-4B04-A253-9392A4D26F6A}.Release|Any CPU.ActiveCfg = Release|Any CPU
		{6EF912F7-1F42-4B04-A253-9392A4D26F6A}.Release|Any CPU.Build.0 = Release|Any CPU
	EndGlobalSection
	GlobalSection(SolutionProperties) = preSolution
		HideSolutionNode = FALSE
	EndGlobalSection
	GlobalSection(ExtensibilityGlobals) = postSolution
		SolutionGuid = {6E8A72EB-31A8-4910-9A91-A80D7FC02CEE}
	EndGlobalSection
EndGlobal
